github.com/davecgh/go-spew v1.1.2-0.20180830191138-d8f796af33cc h1:U9qPSI2PIWSS1VwoXQT9A3Wy9MM3WgvqSxFWenqJduM=
github.com/davecgh/go-spew v1.1.2-0.20180830191138-d8f796af33cc/go.mod h1:J7Y8YcW2NihsgmVo/mv3lAwl/skON4iLHjSsI+c5H38=
github.com/gofrs/uuid v4.2.0+incompatible h1:yyYWMnhkhrKwwr8gAOcOCYxOOscHgDS9yZgBrnJfGa0=
github.com/gofrs/uuid v4.2.0+incompatible/go.mod h1:b2aQJv3Z4Fp6yNu3cdSllBxTCLRxnplIgP/c0N/04lM=
github.com/lesf0/yson-tools/pretty-formatter v0.0.0-20250922162411-e0e3a1cf0421 h1:Z4vZXwvN4UBaiA/vRBazn52Lpwet+LsrDoR54MCGsKI=
github.com/lesf0/yson-tools/pretty-formatter v0.0.0-20250922162411-e0e3a1cf0421/go.mod h1:VYC9ZgiZtuQoSZCUPHYz+h6fy0quxjJiqKfUlMTUuMo=
github.com/pkg/errors v0.9.1 h1:FEBLx1zS214owpjy7qsBeixbURkuhQAwrK5UwLGTwt4=
github.com/pkg/errors v0.9.1/go.mod h1:bwawxfHBFNV+L2hUp1rHADufV3IMtnDRdf1r5NINEl0=
github.com/pmezard/go-difflib v1.0.1-0.20181226105442-5d4384ee4fb2 h1:Jamvg5psRIccs7FGNTlIRMkT8wgtp5eCXdBlqhYGL6U=
github.com/pmezard/go-difflib v1.0.1-0.20181226105442-5d4384ee4fb2/go.mod h1:iKH77koFhYxTK1pcRnkKkqfTogsbg7gZNVY4sRDYZ/4=
github.com/stretchr/testify v1.9.0 h1:HtqpIVDClZ4nwg75+f6Lvsy/wHu+3BoSGCbBAcpTsTg=
github.com/stretchr/testify v1.9.0/go.mod h1:r2ic/lqez/lEtzL7wO/rwa5dbSLXVDPFyf8C91i36aY=
go.ytsaurus.tech/library/go/core/xerrors v0.0.4 h1:KDZdCGiS/Lg641TIA3s8JCg7ZgxAvtFITTeG3Kb+SoE=
go.ytsaurus.tech/library/go/core/xerrors v0.0.4/go.mod h1:yvvvhXFbVLe1FwrgH3RY031EjKmvykQuOw+E9x1eZ5Q=
go.ytsaurus.tech/library/go/ptr v0.0.2 h1:F2lr3y0XuMweTKjBMibcV/FBsEyvNw293FAc+flNXZ4=
go.ytsaurus.tech/library/go/ptr v0.0.2/go.mod h1:odjQyXyWpalatk+n531jccD3On2JvxURA6ns4/GbBYI=
go.ytsaurus.tech/library/go/test/testhelpers v0.0.2 h1:/nQfk7pxzhBquqAYL9JC6YEXa3Nar//nopujuZd6HZU=
go.ytsaurus.tech/library/go/test/testhelpers v0.0.2/go.mod h1:rbrp2Msak/g6XfEYjdQjwFpg9yF9ZztLuYyDkkSIdfc=
go.ytsaurus.tech/library/go/x/xreflect v0.0.3 h1:LCOjVDGKjKMTaFtn+iudhPAdvcjeJSXxvfvDigzdgs0=
go.ytsaurus.tech/library/go/x/xreflect v0.0.3/go.mod h1:D57na+z+EjaRuBo+nxgq6KPw5wfdHtO50MdcwBAzhq0=
go.ytsaurus.tech/library/go/x/xruntime v0.0.4 h1:VNstd2dkPZEN6nsJ3C+q/fVc4b2hajQ6ZYBS7+k7aBg=
go.ytsaurus.tech/library/go/x/xruntime v0.0.4/go.mod h1:fS4AUByc8QIHG06qxEjXYYs8B41eDh+yo2Q1Pk+msoA=
go.ytsaurus.tech/yt/go v0.0.26 h1:cxSY0rVV/eB6WXnnWCaU3QTMxGkRtkrQKMfmq3Lfq0Y=
go.ytsaurus.tech/yt/go v0.0.26/go.mod h1:2m5qZ+jpm5uUohx0A/33Pll9oYEndgOjhHZm+skLq/M=
golang.org/x/xerrors v0.0.0-20231012003039-104605ab7028 h1:+cNy6SZtPcJQH3LJVLOSmiC7MMxXNOb3PU/VUEz+EhU=
golang.org/x/xerrors v0.0.0-20231012003039-104605ab7028/go.mod h1:NDW/Ps6MPRej6fsCIbMTohpP40sJ/P/vI1MoTEGwX90=
gopkg.in/yaml.v3 v3.0.1 h1:fxVm/GzAzEWqLHuvctI91KS9hhNmmWOoWu0XTYJS7CA=
gopkg.in/yaml.v3 v3.0.1/go.mod h1:K4uyk7z7BCEPqu6E+C64Yfv1cQ7kz7rIZviUmN+EgEM=
